
Microsoft Visual Studio Solution File, Format Version 12.00
# Visual Studio 15
VisualStudioVersion = 15.0.28010.2016
MinimumVisualStudioVersion = 10.0.40219.1
Project("{FAE04EC0-301F-11D3-BF4B-00C04F79EFBC}") = "Kata", "Kata\Kata.csproj", "{F97B13F2-C8A4-4D7B-A47D-589D8CD46956}"
EndProject
Project("{FAE04EC0-301F-11D3-BF4B-00C04F79EFBC}") = "TestKata", "TestKata\TestKata.csproj", "{73E1C84F-AE9B-4937-8112-3472415BBCC0}"
EndProject
Global
	GlobalSection(SolutionConfigurationPlatforms) = preSolution
		Debug|Any CPU = Debug|Any CPU
		Release|Any CPU = Release|Any CPU
	EndGlobalSection
	GlobalSection(ProjectConfigurationPlatforms) = postSolution
		{F97B13F2-C8A4-4D7B-A47D-589D8CD46956}.Debug|Any CPU.ActiveCfg = Debug|Any CPU
		{F97B13F2-C8A4-4D7B-A47D-589D8CD46956}.Debug|Any CPU.Build.0 = Debug|Any CPU
		{F97B13F2-C8A4-4D7B-A47D-589D8CD46956}.Release|Any CPU.ActiveCfg = Release|Any CPU
		{F97B13F2-C8A4-4D7B-A47D-589D8CD46956}.Release|Any CPU.Build.0 = Release|Any CPU
		{73E1C84F-AE9B-4937-8112-3472415BBCC0}.Debug|Any CPU.ActiveCfg = Debug|Any CPU
		{73E1C84F-AE9B-4937-8112-3472415BBCC0}.Debug|Any CPU.Build.0 = Debug|Any CPU
		{73E1C84F-AE9B-4937-8112-3472415BBCC0}.Release|Any CPU.ActiveCfg = Release|Any CPU
		{73E1C84F-AE9B-4937-8112-3472415BBCC0}.Release|Any CPU.Build.0 = Release|Any CPU
	EndGlobalSection
	GlobalSection(SolutionProperties) = preSolution
		HideSolutionNode = FALSE
	EndGlobalSection
	GlobalSection(ExtensibilityGlobals) = postSolution
		SolutionGuid = {A2D90F00-2CAC-46F9-865C-91948F56387C}
	EndGlobalSection
EndGlobal
